
Microsoft Visual Studio Solution File, Format Version 12.00
# Visual Studio Version 17
VisualStudioVersion = 17.11.35303.130
MinimumVisualStudioVersion = 10.0.40219.1
Project("{9A19103F-16F7-4668-BE54-9A1E7A4F7556}") = "YAFIT", "YAFIT\YAFIT.csproj", "{1A0E192A-33FE-42CA-8724-64F5E933D7CD}"
EndProject
Project("{9A19103F-16F7-4668-BE54-9A1E7A4F7556}") = "YAFIT.Common", "YAFIT.Common\YAFIT.Common.csproj", "{4EC7D95C-F3A1-49B8-883B-9C4BA9ED8ADF}"
EndProject
Project("{9A19103F-16F7-4668-BE54-9A1E7A4F7556}") = "YAFIT.Databases", "YAFIT.Databases\YAFIT.Databases.csproj", "{D6C608E7-9626-4500-8CEE-6B7D68CA8123}"
EndProject
Project("{9A19103F-16F7-4668-BE54-9A1E7A4F7556}") = "YAFIT.Interfaces", "YAFIT.Interfaces\YAFIT.Interfaces.csproj", "{081283C3-801A-4E61-AAAF-BDD6440E0966}"
EndProject
Project("{9A19103F-16F7-4668-BE54-9A1E7A4F7556}") = "YAFIT.Data", "YAFIT.Data\YAFIT.Data.csproj", "{61523693-3BF6-4355-A5A1-B6880B11E4B9}"
EndProject
Project("{9A19103F-16F7-4668-BE54-9A1E7A4F7556}") = "YAFIT.UI", "YAFIT.UI\YAFIT.UI.csproj", "{7DEBA62C-0179-47ED-B7EC-72AEA6DE8F3A}"
EndProject
Project("{FAE04EC0-301F-11D3-BF4B-00C04F79EFBC}") = "YAFIT.Common.UI", "YAFIT.Common.UI\YAFIT.Common.UI.csproj", "{DF8AB555-6B8D-41AA-85C6-4A56B5938C54}"
EndProject
Global
	GlobalSection(SolutionConfigurationPlatforms) = preSolution
		Debug|Any CPU = Debug|Any CPU
		Release|Any CPU = Release|Any CPU
	EndGlobalSection
	GlobalSection(ProjectConfigurationPlatforms) = postSolution
		{1A0E192A-33FE-42CA-8724-64F5E933D7CD}.Debug|Any CPU.ActiveCfg = Debug|Any CPU
		{1A0E192A-33FE-42CA-8724-64F5E933D7CD}.Debug|Any CPU.Build.0 = Debug|Any CPU
		{1A0E192A-33FE-42CA-8724-64F5E933D7CD}.Release|Any CPU.ActiveCfg = Release|Any CPU
		{1A0E192A-33FE-42CA-8724-64F5E933D7CD}.Release|Any CPU.Build.0 = Release|Any CPU
		{4EC7D95C-F3A1-49B8-883B-9C4BA9ED8ADF}.Debug|Any CPU.ActiveCfg = Debug|Any CPU
		{4EC7D95C-F3A1-49B8-883B-9C4BA9ED8ADF}.Debug|Any CPU.Build.0 = Debug|Any CPU
		{4EC7D95C-F3A1-49B8-883B-9C4BA9ED8ADF}.Release|Any CPU.ActiveCfg = Release|Any CPU
		{4EC7D95C-F3A1-49B8-883B-9C4BA9ED8ADF}.Release|Any CPU.Build.0 = Release|Any CPU
		{D6C608E7-9626-4500-8CEE-6B7D68CA8123}.Debug|Any CPU.ActiveCfg = Debug|Any CPU
		{D6C608E7-9626-4500-8CEE-6B7D68CA8123}.Debug|Any CPU.Build.0 = Debug|Any CPU
		{D6C608E7-9626-4500-8CEE-6B7D68CA8123}.Release|Any CPU.ActiveCfg = Release|Any CPU
		{D6C608E7-9626-4500-8CEE-6B7D68CA8123}.Release|Any CPU.Build.0 = Release|Any CPU
		{081283C3-801A-4E61-AAAF-BDD6440E0966}.Debug|Any CPU.ActiveCfg = Debug|Any CPU
		{081283C3-801A-4E61-AAAF-BDD6440E0966}.Debug|Any CPU.Build.0 = Debug|Any CPU
		{081283C3-801A-4E61-AAAF-BDD6440E0966}.Release|Any CPU.ActiveCfg = Release|Any CPU
		{081283C3-801A-4E61-AAAF-BDD6440E0966}.Release|Any CPU.Build.0 = Release|Any CPU
		{61523693-3BF6-4355-A5A1-B6880B11E4B9}.Debug|Any CPU.ActiveCfg = Debug|Any CPU
		{61523693-3BF6-4355-A5A1-B6880B11E4B9}.Debug|Any CPU.Build.0 = Debug|Any CPU
		{61523693-3BF6-4355-A5A1-B6880B11E4B9}.Release|Any CPU.ActiveCfg = Release|Any CPU
		{61523693-3BF6-4355-A5A1-B6880B11E4B9}.Release|Any CPU.Build.0 = Release|Any CPU
		{7DEBA62C-0179-47ED-B7EC-72AEA6DE8F3A}.Debug|Any CPU.ActiveCfg = Debug|Any CPU
		{7DEBA62C-0179-47ED-B7EC-72AEA6DE8F3A}.Debug|Any CPU.Build.0 = Debug|Any CPU
		{7DEBA62C-0179-47ED-B7EC-72AEA6DE8F3A}.Release|Any CPU.ActiveCfg = Release|Any CPU
		{7DEBA62C-0179-47ED-B7EC-72AEA6DE8F3A}.Release|Any CPU.Build.0 = Release|Any CPU
		{DF8AB555-6B8D-41AA-85C6-4A56B5938C54}.Debug|Any CPU.ActiveCfg = Debug|Any CPU
		{DF8AB555-6B8D-41AA-85C6-4A56B5938C54}.Debug|Any CPU.Build.0 = Debug|Any CPU
		{DF8AB555-6B8D-41AA-85C6-4A56B5938C54}.Release|Any CPU.ActiveCfg = Release|Any CPU
		{DF8AB555-6B8D-41AA-85C6-4A56B5938C54}.Release|Any CPU.Build.0 = Release|Any CPU
	EndGlobalSection
	GlobalSection(SolutionProperties) = preSolution
		HideSolutionNode = FALSE
	EndGlobalSection
	GlobalSection(ExtensibilityGlobals) = postSolution
		SolutionGuid = {86C43A60-504B-4291-8E3B-AD409F94955E}
	EndGlobalSection
EndGlobal
